{
  "requires": true,
  "lockfileVersion": 1,
  "dependencies": {
    "netlify-identity-widget": {
      "version": "1.6.0",
      "resolved": "https://registry.npmjs.org/netlify-identity-widget/-/netlify-identity-widget-1.6.0.tgz",
      "integrity": "sha512-TcZLl0bWCyudCOThskOGyAhBqy1zRmBLbLWpyOmnK/8Vf5+6UwPwTVl71muWwybRoSFlSyc5Qyu+c4D5sBLSDA=="
    }
  }
}
